
Microsoft Visual Studio Solution File, Format Version 12.00
# Visual Studio Version 16
VisualStudioVersion = 16.0.29209.62
MinimumVisualStudioVersion = 10.0.40219.1
Project("{FAE04EC0-301F-11D3-BF4B-00C04F79EFBC}") = "lab 1", "lab 1\lab 1.csproj", "{EBF6EE85-B0F9-46AF-AB33-6FB961A1DD56}"
EndProject
Global
	GlobalSection(SolutionConfigurationPlatforms) = preSolution
		Debug|Any CPU = Debug|Any CPU
		Release|Any CPU = Release|Any CPU
	EndGlobalSection
	GlobalSection(ProjectConfigurationPlatforms) = postSolution
		{EBF6EE85-B0F9-46AF-AB33-6FB961A1DD56}.Debug|Any CPU.ActiveCfg = Debug|Any CPU
		{EBF6EE85-B0F9-46AF-AB33-6FB961A1DD56}.Debug|Any CPU.Build.0 = Debug|Any CPU
		{EBF6EE85-B0F9-46AF-AB33-6FB961A1DD56}.Release|Any CPU.ActiveCfg = Release|Any CPU
		{EBF6EE85-B0F9-46AF-AB33-6FB961A1DD56}.Release|Any CPU.Build.0 = Release|Any CPU
	EndGlobalSection
	GlobalSection(SolutionProperties) = preSolution
		HideSolutionNode = FALSE
	EndGlobalSection
	GlobalSection(ExtensibilityGlobals) = postSolution
		SolutionGuid = {AFAEDE5E-BE54-4515-86B9-421B4FB7E468}
	EndGlobalSection
EndGlobal
